// !$*UTF8*$!
{
	archiveVersion = 1;
	classes = {
	};
	objectVersion = 46;
	objects = {

/* Begin PBXBuildFile section */
		CF95BBCD1EEF4E8C00CEC00C /* AppDelegate.swift in Sources */ = {isa = PBXBuildFile; fileRef = CF95BBCC1EEF4E8C00CEC00C /* AppDelegate.swift */; };
		CF95BBCF1EEF4E8C00CEC00C /* ViewController.swift in Sources */ = {isa = PBXBuildFile; fileRef = CF95BBCE1EEF4E8C00CEC00C /* ViewController.swift */; };
		CF95BBD21EEF4E8C00CEC00C /* Main.storyboard in Resources */ = {isa = PBXBuildFile; fileRef = CF95BBD01EEF4E8C00CEC00C /* Main.storyboard */; };
		CF95BBD41EEF4E8C00CEC00C /* Assets.xcassets in Resources */ = {isa = PBXBuildFile; fileRef = CF95BBD31EEF4E8C00CEC00C /* Assets.xcassets */; };
		CF95BBD71EEF4E8C00CEC00C /* LaunchScreen.storyboard in Resources */ = {isa = PBXBuildFile; fileRef = CF95BBD51EEF4E8C00CEC00C /* LaunchScreen.storyboard */; };
		CF95BBE21EEF4E8C00CEC00C /* pageViewControllerTests.swift in Sources */ = {isa = PBXBuildFile; fileRef = CF95BBE11EEF4E8C00CEC00C /* pageViewControllerTests.swift */; };
		CF95BBED1EEF4E8C00CEC00C /* pageViewControllerUITests.swift in Sources */ = {isa = PBXBuildFile; fileRef = CF95BBEC1EEF4E8C00CEC00C /* pageViewControllerUITests.swift */; };
		CF95BBFB1EEF6EFF00CEC00C /* PageController.swift in Sources */ = {isa = PBXBuildFile; fileRef = CF95BBFA1EEF6EFF00CEC00C /* PageController.swift */; };
/* End PBXBuildFile section */

/* Begin PBXContainerItemProxy section */
		CF95BBDE1EEF4E8C00CEC00C /* PBXContainerItemProxy */ = {
			isa = PBXContainerItemProxy;
			containerPortal = CF95BBC11EEF4E8C00CEC00C /* Project object */;
			proxyType = 1;
			remoteGlobalIDString = CF95BBC81EEF4E8C00CEC00C;
			remoteInfo = pageViewController;
		};
		CF95BBE91EEF4E8C00CEC00C /* PBXContainerItemProxy */ = {
			isa = PBXContainerItemProxy;
			containerPortal = CF95BBC11EEF4E8C00CEC00C /* Project object */;
			proxyType = 1;
			remoteGlobalIDString = CF95BBC81EEF4E8C00CEC00C;
			remoteInfo = pageViewController;
		};
/* End PBXContainerItemProxy section */

/* Begin PBXFileReference section */
		CF95BBC91EEF4E8C00CEC00C /* pageViewController.app */ = {isa = PBXFileReference; explicitFileType = wrapper.application; includeInIndex = 0; path = pageViewController.app; sourceTree = BUILT_PRODUCTS_DIR; };
		CF95BBCC1EEF4E8C00CEC00C /* AppDelegate.swift */ = {isa = PBXFileReference; lastKnownFileType = sourcecode.swift; path = AppDelegate.swift; sourceTree = "<group>"; };
		CF95BBCE1EEF4E8C00CEC00C /* ViewController.swift */ = {isa = PBXFileReference; lastKnownFileType = sourcecode.swift; path = ViewController.swift; sourceTree = "<group>"; };
		CF95BBD11EEF4E8C00CEC00C /* Base */ = {isa = PBXFileReference; lastKnownFileType = file.storyboard; name = Base; path = Base.lproj/Main.storyboard; sourceTree = "<group>"; };
		CF95BBD31EEF4E8C00CEC00C /* Assets.xcassets */ = {isa = PBXFileReference; lastKnownFileType = folder.assetcatalog; path = Assets.xcassets; sourceTree = "<group>"; };
		CF95BBD61EEF4E8C00CEC00C /* Base */ = {isa = PBXFileReference; lastKnownFileType = file.storyboard; name = Base; path = Base.lproj/LaunchScreen.storyboard; sourceTree = "<group>"; };
		CF95BBD81EEF4E8C00CEC00C /* Info.plist */ = {isa = PBXFileReference; lastKnownFileType = text.plist.xml; path = Info.plist; sourceTree = "<group>"; };
		CF95BBDD1EEF4E8C00CEC00C /* pageViewControllerTests.xctest */ = {isa = PBXFileReference; explicitFileType = wrapper.cfbundle; includeInIndex = 0; path = pageViewControllerTests.xctest; sourceTree = BUILT_PRODUCTS_DIR; };
		CF95BBE11EEF4E8C00CEC00C /* pageViewControllerTests.swift */ = {isa = PBXFileReference; lastKnownFileType = sourcecode.swift; path = pageViewControllerTests.swift; sourceTree = "<group>"; };
		CF95BBE31EEF4E8C00CEC00C /* Info.plist */ = {isa = PBXFileReference; lastKnownFileType = text.plist.xml; path = Info.plist; sourceTree = "<group>"; };
		CF95BBE81EEF4E8C00CEC00C /* pageViewControllerUITests.xctest */ = {isa = PBXFileReference; explicitFileType = wrapper.cfbundle; includeInIndex = 0; path = pageViewControllerUITests.xctest; sourceTree = BUILT_PRODUCTS_DIR; };
		CF95BBEC1EEF4E8C00CEC00C /* pageViewControllerUITests.swift */ = {isa = PBXFileReference; lastKnownFileType = sourcecode.swift; path = pageViewControllerUITests.swift; sourceTree = "<group>"; };
		CF95BBEE1EEF4E8C00CEC00C /* Info.plist */ = {isa = PBXFileReference; lastKnownFileType = text.plist.xml; path = Info.plist; sourceTree = "<group>"; };
		CF95BBFA1EEF6EFF00CEC00C /* PageController.swift */ = {isa = PBXFileReference; fileEncoding = 4; lastKnownFileType = sourcecode.swift; path = PageController.swift; sourceTree = "<group>"; };
/* End PBXFileReference section */

/* Begin PBXFrameworksBuildPhase section */
		CF95BBC61EEF4E8C00CEC00C /* Frameworks */ = {
			isa = PBXFrameworksBuildPhase;
			buildActionMask = 2147483647;
			files = (
			);
			runOnlyForDeploymentPostprocessing = 0;
		};
		CF95BBDA1EEF4E8C00CEC00C /* Frameworks */ = {
			isa = PBXFrameworksBuildPhase;
			buildActionMask = 2147483647;
			files = (
			);
			runOnlyForDeploymentPostprocessing = 0;
		};
		CF95BBE51EEF4E8C00CEC00C /* Frameworks */ = {
			isa = PBXFrameworksBuildPhase;
			buildActionMask = 2147483647;
			files = (
			);
			runOnlyForDeploymentPostprocessing = 0;
		};
/* End PBXFrameworksBuildPhase section */

/* Begin PBXGroup section */
		CF95BBC01EEF4E8C00CEC00C = {
			isa = PBXGroup;
			children = (
				CF95BBCB1EEF4E8C00CEC00C /* pageViewController */,
				CF95BBE01EEF4E8C00CEC00C /* pageViewControllerTests */,
				CF95BBEB1EEF4E8C00CEC00C /* pageViewControllerUITests */,
				CF95BBCA1EEF4E8C00CEC00C /* Products */,
			);
			sourceTree = "<group>";
		};
		CF95BBCA1EEF4E8C00CEC00C /* Products */ = {
			isa = PBXGroup;
			children = (
				CF95BBC91EEF4E8C00CEC00C /* pageViewController.app */,
				CF95BBDD1EEF4E8C00CEC00C /* pageViewControllerTests.xctest */,
				CF95BBE81EEF4E8C00CEC00C /* pageViewControllerUITests.xctest */,
			);
			name = Products;
			sourceTree = "<group>";
		};
		CF95BBCB1EEF4E8C00CEC00C /* pageViewController */ = {
			isa = PBXGroup;
			children = (
				CF95BBCC1EEF4E8C00CEC00C /* AppDelegate.swift */,
				CF95BBCE1EEF4E8C00CEC00C /* ViewController.swift */,
				CF95BBFA1EEF6EFF00CEC00C /* PageController.swift */,
				CF95BBD01EEF4E8C00CEC00C /* Main.storyboard */,
				CF95BBD31EEF4E8C00CEC00C /* Assets.xcassets */,
				CF95BBD51EEF4E8C00CEC00C /* LaunchScreen.storyboard */,
				CF95BBD81EEF4E8C00CEC00C /* Info.plist */,
			);
			path = pageViewController;
			sourceTree = "<group>";
		};
		CF95BBE01EEF4E8C00CEC00C /* pageViewControllerTests */ = {
			isa = PBXGroup;
			children = (
				CF95BBE11EEF4E8C00CEC00C /* pageViewControllerTests.swift */,
				CF95BBE31EEF4E8C00CEC00C /* Info.plist */,
			);
			path = pageViewControllerTests;
			sourceTree = "<group>";
		};
		CF95BBEB1EEF4E8C00CEC00C /* pageViewControllerUITests */ = {
			isa = PBXGroup;
			children = (
				CF95BBEC1EEF4E8C00CEC00C /* pageViewControllerUITests.swift */,
				CF95BBEE1EEF4E8C00CEC00C /* Info.plist */,
			);
			path = pageViewControllerUITests;
			sourceTree = "<group>";
		};
/* End PBXGroup section */

/* Begin PBXNativeTarget section */
		CF95BBC81EEF4E8C00CEC00C /* pageViewController */ = {
			isa = PBXNativeTarget;
			buildConfigurationList = CF95BBF11EEF4E8C00CEC00C /* Build configuration list for PBXNativeTarget "pageViewController" */;
			buildPhases = (
				CF95BBC51EEF4E8C00CEC00C /* Sources */,
				CF95BBC61EEF4E8C00CEC00C /* Frameworks */,
				CF95BBC71EEF4E8C00CEC00C /* Resources */,
			);
			buildRules = (
			);
			dependencies = (
			);
			name = pageViewController;
			productName = pageViewController;
			productReference = CF95BBC91EEF4E8C00CEC00C /* pageViewController.app */;
			productType = "com.apple.product-type.application";
		};
		CF95BBDC1EEF4E8C00CEC00C /* pageViewControllerTests */ = {
			isa = PBXNativeTarget;
			buildConfigurationList = CF95BBF41EEF4E8C00CEC00C /* Build configuration list for PBXNativeTarget "pageViewControllerTests" */;
			buildPhases = (
				CF95BBD91EEF4E8C00CEC00C /* Sources */,
				CF95BBDA1EEF4E8C00CEC00C /* Frameworks */,
				CF95BBDB1EEF4E8C00CEC00C /* Resources */,
			);
			buildRules = (
			);
			dependencies = (
				CF95BBDF1EEF4E8C00CEC00C /* PBXTargetDependency */,
			);
			name = pageViewControllerTests;
			productName = pageViewControllerTests;
			productReference = CF95BBDD1EEF4E8C00CEC00C /* pageViewControllerTests.xctest */;
			productType = "com.apple.product-type.bundle.unit-test";
		};
		CF95BBE71EEF4E8C00CEC00C /* pageViewControllerUITests */ = {
			isa = PBXNativeTarget;
			buildConfigurationList = CF95BBF71EEF4E8C00CEC00C /* Build configuration list for PBXNativeTarget "pageViewControllerUITests" */;
			buildPhases = (
				CF95BBE41EEF4E8C00CEC00C /* Sources */,
				CF95BBE51EEF4E8C00CEC00C /* Frameworks */,
				CF95BBE61EEF4E8C00CEC00C /* Resources */,
			);
			buildRules = (
			);
			dependencies = (
				CF95BBEA1EEF4E8C00CEC00C /* PBXTargetDependency */,
			);
			name = pageViewControllerUITests;
			productName = pageViewControllerUITests;
			productReference = CF95BBE81EEF4E8C00CEC00C /* pageViewControllerUITests.xctest */;
			productType = "com.apple.product-type.bundle.ui-testing";
		};
/* End PBXNativeTarget section */

/* Begin PBXProject section */
		CF95BBC11EEF4E8C00CEC00C /* Project object */ = {
			isa = PBXProject;
			attributes = {
				LastSwiftUpdateCheck = 0830;
				LastUpgradeCheck = 0830;
				ORGANIZATIONNAME = "Luthfi Fathur Rahman";
				TargetAttributes = {
					CF95BBC81EEF4E8C00CEC00C = {
						CreatedOnToolsVersion = 8.3.3;
						DevelopmentTeam = 2L6QV2N95T;
						LastSwiftMigration = 1010;
						ProvisioningStyle = Automatic;
					};
					CF95BBDC1EEF4E8C00CEC00C = {
						CreatedOnToolsVersion = 8.3.3;
						DevelopmentTeam = 2L6QV2N95T;
						LastSwiftMigration = 1010;
						ProvisioningStyle = Automatic;
						TestTargetID = CF95BBC81EEF4E8C00CEC00C;
					};
					CF95BBE71EEF4E8C00CEC00C = {
						CreatedOnToolsVersion = 8.3.3;
						DevelopmentTeam = 2L6QV2N95T;
						LastSwiftMigration = 1010;
						ProvisioningStyle = Automatic;
						TestTargetID = CF95BBC81EEF4E8C00CEC00C;
					};
				};
			};
			buildConfigurationList = CF95BBC41EEF4E8C00CEC00C /* Build configuration list for PBXProject "pageViewController" */;
			compatibilityVersion = "Xcode 3.2";
			developmentRegion = English;
			hasScannedForEncodings = 0;
			knownRegions = (
				en,
				Base,
			);
			mainGroup = CF95BBC01EEF4E8C00CEC00C;
			productRefGroup = CF95BBCA1EEF4E8C00CEC00C /* Products */;
			projectDirPath = "";
			projectRoot = "";
			targets = (
				CF95BBC81EEF4E8C00CEC00C /* pageViewController */,
				CF95BBDC1EEF4E8C00CEC00C /* pageViewControllerTests */,
				CF95BBE71EEF4E8C00CEC00C /* pageViewControllerUITests */,
			);
		};
/* End PBXProject section */

/* Begin PBXResourcesBuildPhase section */
		CF95BBC71EEF4E8C00CEC00C /* Resources */ = {
			isa = PBXResourcesBuildPhase;
			buildActionMask = 2147483647;
			files = (
				CF95BBD71EEF4E8C00CEC00C /* LaunchScreen.storyboard in Resources */,
				CF95BBD41EEF4E8C00CEC00C /* Assets.xcassets in Resources */,
				CF95BBD21EEF4E8C00CEC00C /* Main.storyboard in Resources */,
			);
			runOnlyForDeploymentPostprocessing = 0;
		};
		CF95BBDB1EEF4E8C00CEC00C /* Resources */ = {
			isa = PBXResourcesBuildPhase;
			buildActionMask = 2147483647;
			files = (
			);
			runOnlyForDeploymentPostprocessing = 0;
		};
		CF95BBE61EEF4E8C00CEC00C /* Resources */ = {
			isa = PBXResourcesBuildPhase;
			buildActionMask = 2147483647;
			files = (
			);
			runOnlyForDeploymentPostprocessing = 0;
		};
/* End PBXResourcesBuildPhase section */

/* Begin PBXSourcesBuildPhase section */
		CF95BBC51EEF4E8C00CEC00C /* Sources */ = {
			isa = PBXSourcesBuildPhase;
			buildActionMask = 2147483647;
			files = (
				CF95BBCF1EEF4E8C00CEC00C /* ViewController.swift in Sources */,
				CF95BBCD1EEF4E8C00CEC00C /* AppDelegate.swift in Sources */,
				CF95BBFB1EEF6EFF00CEC00C /* PageController.swift in Sources */,
			);
			runOnlyForDeploymentPostprocessing = 0;
		};
		CF95BBD91EEF4E8C00CEC00C /* Sources */ = {
			isa = PBXSourcesBuildPhase;
			buildActionMask = 2147483647;
			files = (
				CF95BBE21EEF4E8C00CEC00C /* pageViewControllerTests.swift in Sources */,
			);
			runOnlyForDeploymentPostprocessing = 0;
		};
		CF95BBE41EEF4E8C00CEC00C /* Sources */ = {
			isa = PBXSourcesBuildPhase;
			buildActionMask = 2147483647;
			files = (
				CF95BBED1EEF4E8C00CEC00C /* pageViewControllerUITests.swift in Sources */,
			);
			runOnlyForDeploymentPostprocessing = 0;
		};
/* End PBXSourcesBuildPhase section */

/* Begin PBXTargetDependency section */
		CF95BBDF1EEF4E8C00CEC00C /* PBXTargetDependency */ = {
			isa = PBXTargetDependency;
			target = CF95BBC81EEF4E8C00CEC00C /* pageViewController */;
			targetProxy = CF95BBDE1EEF4E8C00CEC00C /* PBXContainerItemProxy */;
		};
		CF95BBEA1EEF4E8C00CEC00C /* PBXTargetDependency */ = {
			isa = PBXTargetDependency;
			target = CF95BBC81EEF4E8C00CEC00C /* pageViewController */;
			targetProxy = CF95BBE91EEF4E8C00CEC00C /* PBXContainerItemProxy */;
		};
/* End PBXTargetDependency section */

/* Begin PBXVariantGroup section */
		CF95BBD01EEF4E8C00CEC00C /* Main.storyboard */ = {
			isa = PBXVariantGroup;
			children = (
				CF95BBD11EEF4E8C00CEC00C /* Base */,
			);
			name = Main.storyboard;
			sourceTree = "<group>";
		};
		CF95BBD51EEF4E8C00CEC00C /* LaunchScreen.storyboard */ = {
			isa = PBXVariantGroup;
			children = (
				CF95BBD61EEF4E8C00CEC00C /* Base */,
			);
			name = LaunchScreen.storyboard;
			sourceTree = "<group>";
		};
/* End PBXVariantGroup section */

/* Begin XCBuildConfiguration section */
		CF95BBEF1EEF4E8C00CEC00C /* Debug */ = {
			isa = XCBuildConfiguration;
			buildSettings = {
				ALWAYS_SEARCH_USER_PATHS = NO;
				CLANG_ANALYZER_NONNULL = YES;
				CLANG_ANALYZER_NUMBER_OBJECT_CONVERSION = YES_AGGRESSIVE;
				CLANG_CXX_LANGUAGE_STANDARD = "gnu++0x";
				CLANG_CXX_LIBRARY = "libc++";
				CLANG_ENABLE_MODULES = YES;
				CLANG_ENABLE_OBJC_ARC = YES;
				CLANG_WARN_BOOL_CONVERSION = YES;
				CLANG_WARN_CONSTANT_CONVERSION = YES;
				CLANG_WARN_DIRECT_OBJC_ISA_USAGE = YES_ERROR;
				CLANG_WARN_DOCUMENTATION_COMMENTS = YES;
				CLANG_WARN_EMPTY_BODY = YES;
				CLANG_WARN_ENUM_CONVERSION = YES;
				CLANG_WARN_INFINITE_RECURSION = YES;
				CLANG_WARN_INT_CONVERSION = YES;
				CLANG_WARN_OBJC_ROOT_CLASS = YES_ERROR;
				CLANG_WARN_SUSPICIOUS_MOVE = YES;
				CLANG_WARN_UNREACHABLE_CODE = YES;
				CLANG_WARN__DUPLICATE_METHOD_MATCH = YES;
				"CODE_SIGN_IDENTITY[sdk=iphoneos*]" = "iPhone Developer";
				COPY_PHASE_STRIP = NO;
				DEBUG_INFORMATION_FORMAT = dwarf;
				ENABLE_STRICT_OBJC_MSGSEND = YES;
				ENABLE_TESTABILITY = YES;
				GCC_C_LANGUAGE_STANDARD = gnu99;
				GCC_DYNAMIC_NO_PIC = NO;
				GCC_NO_COMMON_BLOCKS = YES;
				GCC_OPTIMIZATION_LEVEL = 0;
				GCC_PREPROCESSOR_DEFINITIONS = (
					"DEBUG=1",
					"$(inherited)",
				);
				GCC_WARN_64_TO_32_BIT_CONVERSION = YES;
				GCC_WARN_ABOUT_RETURN_TYPE = YES_ERROR;
				GCC_WARN_UNDECLARED_SELECTOR = YES;
				GCC_WARN_UNINITIALIZED_AUTOS = YES_AGGRESSIVE;
				GCC_WARN_UNUSED_FUNCTION = YES;
				GCC_WARN_UNUSED_VARIABLE = YES;
				IPHONEOS_DEPLOYMENT_TARGET = 10.3;
				MTL_ENABLE_DEBUG_INFO = YES;
				ONLY_ACTIVE_ARCH = YES;
				SDKROOT = iphoneos;
				SWIFT_ACTIVE_COMPILATION_CONDITIONS = DEBUG;
				SWIFT_OPTIMIZATION_LEVEL = "-Onone";
			};
			name = Debug;
		};
		CF95BBF01EEF4E8C00CEC00C /* Release */ = {
			isa = XCBuildConfiguration;
			buildSettings = {
				ALWAYS_SEARCH_USER_PATHS = NO;
				CLANG_ANALYZER_NONNULL = YES;
				CLANG_ANALYZER_NUMBER_OBJECT_CONVERSION = YES_AGGRESSIVE;
				CLANG_CXX_LANGUAGE_STANDARD = "gnu++0x";
				CLANG_CXX_LIBRARY = "libc++";
				CLANG_ENABLE_MODULES = YES;
				CLANG_ENABLE_OBJC_ARC = YES;
				CLANG_WARN_BOOL_CONVERSION = YES;
				CLANG_WARN_CONSTANT_CONVERSION = YES;
				CLANG_WARN_DIRECT_OBJC_ISA_USAGE = YES_ERROR;
				CLANG_WARN_DOCUMENTATION_COMMENTS = YES;
				CLANG_WARN_EMPTY_BODY = YES;
				CLANG_WARN_ENUM_CONVERSION = YES;
				CLANG_WARN_INFINITE_RECURSION = YES;
				CLANG_WARN_INT_CONVERSION = YES;
				CLANG_WARN_OBJC_ROOT_CLASS = YES_ERROR;
				CLANG_WARN_SUSPICIOUS_MOVE = YES;
				CLANG_WARN_UNREACHABLE_CODE = YES;
				CLANG_WARN__DUPLICATE_METHOD_MATCH = YES;
				"CODE_SIGN_IDENTITY[sdk=iphoneos*]" = "iPhone Developer";
				COPY_PHASE_STRIP = NO;
				DEBUG_INFORMATION_FORMAT = "dwarf-with-dsym";
				ENABLE_NS_ASSERTIONS = NO;
				ENABLE_STRICT_OBJC_MSGSEND = YES;
				GCC_C_LANGUAGE_STANDARD = gnu99;
				GCC_NO_COMMON_BLOCKS = YES;
				GCC_WARN_64_TO_32_BIT_CONVERSION = YES;
				GCC_WARN_ABOUT_RETURN_TYPE = YES_ERROR;
				GCC_WARN_UNDECLARED_SELECTOR = YES;
				GCC_WARN_UNINITIALIZED_AUTOS = YES_AGGRESSIVE;
				GCC_WARN_UNUSED_FUNCTION = YES;
				GCC_WARN_UNUSED_VARIABLE = YES;
				IPHONEOS_DEPLOYMENT_TARGET = 10.3;
				MTL_ENABLE_DEBUG_INFO = NO;
				SDKROOT = iphoneos;
				SWIFT_OPTIMIZATION_LEVEL = "-Owholemodule";
				VALIDATE_PRODUCT = YES;
			};
			name = Release;
		};
		CF95BBF21EEF4E8C00CEC00C /* Debug */ = {
			isa = XCBuildConfiguration;
			buildSettings = {
				ASSETCATALOG_COMPILER_APPICON_NAME = AppIcon;
				DEVELOPMENT_TEAM = 2L6QV2N95T;
				INFOPLIST_FILE = pageViewController/Info.plist;
				LD_RUNPATH_SEARCH_PATHS = "$(inherited) @executable_path/Frameworks";
				PRODUCT_BUNDLE_IDENTIFIER = com.luthfifathurrahman.pageViewController;
				PRODUCT_NAME = "$(TARGET_NAME)";
				SWIFT_SWIFT3_OBJC_INFERENCE = On;
				SWIFT_VERSION = 4.2;
			};
			name = Debug;
		};
		CF95BBF31EEF4E8C00CEC00C /* Release */ = {
			isa = XCBuildConfiguration;
			buildSettings = {
				ASSETCATALOG_COMPILER_APPICON_NAME = AppIcon;
				DEVELOPMENT_TEAM = 2L6QV2N95T;
				INFOPLIST_FILE = pageViewController/Info.plist;
				LD_RUNPATH_SEARCH_PATHS = "$(inherited) @executable_path/Frameworks";
				PRODUCT_BUNDLE_IDENTIFIER = com.luthfifathurrahman.pageViewController;
				PRODUCT_NAME = "$(TARGET_NAME)";
				SWIFT_SWIFT3_OBJC_INFERENCE = On;
				SWIFT_VERSION = 4.2;
			};
			name = Release;
		};
		CF95BBF51EEF4E8C00CEC00C /* Debug */ = {
			isa = XCBuildConfiguration;
			buildSettings = {
				ALWAYS_EMBED_SWIFT_STANDARD_LIBRARIES = YES;
				BUNDLE_LOADER = "$(TEST_HOST)";
				DEVELOPMENT_TEAM = 2L6QV2N95T;
				INFOPLIST_FILE = pageViewControllerTests/Info.plist;
				LD_RUNPATH_SEARCH_PATHS = "$(inherited) @executable_path/Frameworks @loader_path/Frameworks";
				PRODUCT_BUNDLE_IDENTIFIER = com.luthfifathurrahman.pageViewControllerTests;
				PRODUCT_NAME = "$(TARGET_NAME)";
				SWIFT_SWIFT3_OBJC_INFERENCE = On;
				SWIFT_VERSION = 4.2;
				TEST_HOST = "$(BUILT_PRODUCTS_DIR)/pageViewController.app/pageViewController";
			};
			name = Debug;
		};
		CF95BBF61EEF4E8C00CEC00C /* Release */ = {
			isa = XCBuildConfiguration;
			buildSettings = {
				ALWAYS_EMBED_SWIFT_STANDARD_LIBRARIES = YES;
				BUNDLE_LOADER = "$(TEST_HOST)";
				DEVELOPMENT_TEAM = 2L6QV2N95T;
				INFOPLIST_FILE = pageViewControllerTests/Info.plist;
				LD_RUNPATH_SEARCH_PATHS = "$(inherited) @executable_path/Frameworks @loader_path/Frameworks";
				PRODUCT_BUNDLE_IDENTIFIER = com.luthfifathurrahman.pageViewControllerTests;
				PRODUCT_NAME = "$(TARGET_NAME)";
				SWIFT_SWIFT3_OBJC_INFERENCE = On;
				SWIFT_VERSION = 4.2;
				TEST_HOST = "$(BUILT_PRODUCTS_DIR)/pageViewController.app/pageViewController";
			};
			name = Release;
		};
		CF95BBF81EEF4E8C00CEC00C /* Debug */ = {
			isa = XCBuildConfiguration;
			buildSettings = {
				ALWAYS_EMBED_SWIFT_STANDARD_LIBRARIES = YES;
				DEVELOPMENT_TEAM = 2L6QV2N95T;
				INFOPLIST_FILE = pageViewControllerUITests/Info.plist;
				LD_RUNPATH_SEARCH_PATHS = "$(inherited) @executable_path/Frameworks @loader_path/Frameworks";
				PRODUCT_BUNDLE_IDENTIFIER = com.luthfifathurrahman.pageViewControllerUITests;
				PRODUCT_NAME = "$(TARGET_NAME)";
				SWIFT_SWIFT3_OBJC_INFERENCE = On;
				SWIFT_VERSION = 4.2;
				TEST_TARGET_NAME = pageViewController;
			};
			name = Debug;
		};
		CF95BBF91EEF4E8C00CEC00C /* Release */ = {
			isa = XCBuildConfiguration;
			buildSettings = {
				ALWAYS_EMBED_SWIFT_STANDARD_LIBRARIES = YES;
				DEVELOPMENT_TEAM = 2L6QV2N95T;
				INFOPLIST_FILE = pageViewControllerUITests/Info.plist;
				LD_RUNPATH_SEARCH_PATHS = "$(inherited) @executable_path/Frameworks @loader_path/Frameworks";
				PRODUCT_BUNDLE_IDENTIFIER = com.luthfifathurrahman.pageViewControllerUITests;
				PRODUCT_NAME = "$(TARGET_NAME)";
				SWIFT_SWIFT3_OBJC_INFERENCE = On;
				SWIFT_VERSION = 4.2;
				TEST_TARGET_NAME = pageViewController;
			};
			name = Release;
		};
/* End XCBuildConfiguration section */

/* Begin XCConfigurationList section */
		CF95BBC41EEF4E8C00CEC00C /* Build configuration list for PBXProject "pageViewController" */ = {
			isa = XCConfigurationList;
			buildConfigurations = (
				CF95BBEF1EEF4E8C00CEC00C /* Debug */,
				CF95BBF01EEF4E8C00CEC00C /* Release */,
			);
			defaultConfigurationIsVisible = 0;
			defaultConfigurationName = Release;
		};
		CF95BBF11EEF4E8C00CEC00C /* Build configuration list for PBXNativeTarget "pageViewController" */ = {
			isa = XCConfigurationList;
			buildConfigurations = (
				CF95BBF21EEF4E8C00CEC00C /* Debug */,
				CF95BBF31EEF4E8C00CEC00C /* Release */,
			);
			defaultConfigurationIsVisible = 0;
			defaultConfigurationName = Release;
		};
		CF95BBF41EEF4E8C00CEC00C /* Build configuration list for PBXNativeTarget "pageViewControllerTests" */ = {
			isa = XCConfigurationList;
			buildConfigurations = (
				CF95BBF51EEF4E8C00CEC00C /* Debug */,
				CF95BBF61EEF4E8C00CEC00C /* Release */,
			);
			defaultConfigurationIsVisible = 0;
			defaultConfigurationName = Release;
		};
		CF95BBF71EEF4E8C00CEC00C /* Build configuration list for PBXNativeTarget "pageViewControllerUITests" */ = {
			isa = XCConfigurationList;
			buildConfigurations = (
				CF95BBF81EEF4E8C00CEC00C /* Debug */,
				CF95BBF91EEF4E8C00CEC00C /* Release */,
			);
			defaultConfigurationIsVisible = 0;
			defaultConfigurationName = Release;
		};
/* End XCConfigurationList section */
	};
	rootObject = CF95BBC11EEF4E8C00CEC00C /* Project object */;
}
